
Microsoft Visual Studio Solution File, Format Version 12.00
# Visual Studio 15
VisualStudioVersion = 15.0.26730.15
MinimumVisualStudioVersion = 10.0.40219.1
Project("{9A19103F-16F7-4668-BE54-9A1E7A4F7556}") = "event-bot", "event-bot.csproj", "{56C5BCBF-B3D4-415D-8FF0-527D8A2BAA2C}"
EndProject
Global
	GlobalSection(SolutionConfigurationPlatforms) = preSolution
		Debug|Any CPU = Debug|Any CPU
		Release|Any CPU = Release|Any CPU
	EndGlobalSection
	GlobalSection(ProjectConfigurationPlatforms) = postSolution
		{56C5BCBF-B3D4-415D-8FF0-527D8A2BAA2C}.Debug|Any CPU.ActiveCfg = Debug|Any CPU
		{56C5BCBF-B3D4-415D-8FF0-527D8A2BAA2C}.Debug|Any CPU.Build.0 = Debug|Any CPU
		{56C5BCBF-B3D4-415D-8FF0-527D8A2BAA2C}.Release|Any CPU.ActiveCfg = Release|Any CPU
		{56C5BCBF-B3D4-415D-8FF0-527D8A2BAA2C}.Release|Any CPU.Build.0 = Release|Any CPU
	EndGlobalSection
	GlobalSection(SolutionProperties) = preSolution
		HideSolutionNode = FALSE
	EndGlobalSection
	GlobalSection(ExtensibilityGlobals) = postSolution
		SolutionGuid = {708EDD63-D676-4D75-BB69-58A877B594CE}
	EndGlobalSection
EndGlobal
